
Microsoft Visual Studio Solution File, Format Version 12.00
# Visual Studio Version 16
VisualStudioVersion = 16.0.32630.194
MinimumVisualStudioVersion = 10.0.40219.1
Project("{FAE04EC0-301F-11D3-BF4B-00C04F79EFBC}") = "SalesWebMvc", "SalesWebMvc\SalesWebMvc.csproj", "{DE2C796C-FDF6-4A80-961F-2C182B6D6565}"
EndProject
Global
	GlobalSection(SolutionConfigurationPlatforms) = preSolution
		Debug|Any CPU = Debug|Any CPU
		Release|Any CPU = Release|Any CPU
	EndGlobalSection
	GlobalSection(ProjectConfigurationPlatforms) = postSolution
		{DE2C796C-FDF6-4A80-961F-2C182B6D6565}.Debug|Any CPU.ActiveCfg = Debug|Any CPU
		{DE2C796C-FDF6-4A80-961F-2C182B6D6565}.Debug|Any CPU.Build.0 = Debug|Any CPU
		{DE2C796C-FDF6-4A80-961F-2C182B6D6565}.Release|Any CPU.ActiveCfg = Release|Any CPU
		{DE2C796C-FDF6-4A80-961F-2C182B6D6565}.Release|Any CPU.Build.0 = Release|Any CPU
	EndGlobalSection
	GlobalSection(SolutionProperties) = preSolution
		HideSolutionNode = FALSE
	EndGlobalSection
	GlobalSection(ExtensibilityGlobals) = postSolution
		SolutionGuid = {B9C6AAA2-EEF8-494A-9104-FBD82DC6AFAE}
	EndGlobalSection
EndGlobal
